
Microsoft Visual Studio Solution File, Format Version 12.00
# Visual Studio Version 17
VisualStudioVersion = 17.14.36811.4
MinimumVisualStudioVersion = 10.0.40219.1
Project("{FAE04EC0-301F-11D3-BF4B-00C04F79EFBC}") = "HomeFinder", "HomeFinder\HomeFinder.csproj", "{B7F61106-286D-4DD2-9C81-2AA4A59C91CB}"
EndProject
Global
	GlobalSection(SolutionConfigurationPlatforms) = preSolution
		Debug|Any CPU = Debug|Any CPU
		Release|Any CPU = Release|Any CPU
	EndGlobalSection
	GlobalSection(ProjectConfigurationPlatforms) = postSolution
		{B7F61106-286D-4DD2-9C81-2AA4A59C91CB}.Debug|Any CPU.ActiveCfg = Debug|Any CPU
		{B7F61106-286D-4DD2-9C81-2AA4A59C91CB}.Debug|Any CPU.Build.0 = Debug|Any CPU
		{B7F61106-286D-4DD2-9C81-2AA4A59C91CB}.Release|Any CPU.ActiveCfg = Release|Any CPU
		{B7F61106-286D-4DD2-9C81-2AA4A59C91CB}.Release|Any CPU.Build.0 = Release|Any CPU
	EndGlobalSection
	GlobalSection(SolutionProperties) = preSolution
		HideSolutionNode = FALSE
	EndGlobalSection
	GlobalSection(ExtensibilityGlobals) = postSolution
		SolutionGuid = {DA4F1F64-A2D1-4BD9-B62D-B91B58204AA9}
	EndGlobalSection
EndGlobal
